// !$*UTF8*$!
{
	archiveVersion = 1;
	classes = {
	};
	objectVersion = 55;
	objects = {

/* Begin PBXBuildFile section */
		FB6A061C272F7CF4000DBA59 /* StickerMatorApp.swift in Sources */ = {isa = PBXBuildFile; fileRef = FB6A061B272F7CF4000DBA59 /* StickerMatorApp.swift */; };
		FB6A061E272F7CF4000DBA59 /* StickerMatorView.swift in Sources */ = {isa = PBXBuildFile; fileRef = FB6A061D272F7CF4000DBA59 /* StickerMatorView.swift */; };
		FB6A0620272F7CF6000DBA59 /* Assets.xcassets in Resources */ = {isa = PBXBuildFile; fileRef = FB6A061F272F7CF6000DBA59 /* Assets.xcassets */; };
		FB6A0623272F7CF6000DBA59 /* Preview Assets.xcassets in Resources */ = {isa = PBXBuildFile; fileRef = FB6A0622272F7CF6000DBA59 /* Preview Assets.xcassets */; };
		FB6A062A272F868D000DBA59 /* StickerMatorModel.swift in Sources */ = {isa = PBXBuildFile; fileRef = FB6A0629272F868D000DBA59 /* StickerMatorModel.swift */; };
		FB6A062C272F8F1A000DBA59 /* StickerMatorViewModel.swift in Sources */ = {isa = PBXBuildFile; fileRef = FB6A062B272F8F1A000DBA59 /* StickerMatorViewModel.swift */; };
		FB6A062E272FB0C9000DBA59 /* Helper.swift in Sources */ = {isa = PBXBuildFile; fileRef = FB6A062D272FB0C8000DBA59 /* Helper.swift */; };
		FBAB6B6B27316F9700FA4539 /* StickerSetEditor.swift in Sources */ = {isa = PBXBuildFile; fileRef = FBAB6B6A27316F9700FA4539 /* StickerSetEditor.swift */; };
		FBAB6B6D2731839E00FA4539 /* StickerSetManager.swift in Sources */ = {isa = PBXBuildFile; fileRef = FBAB6B6C2731839E00FA4539 /* StickerSetManager.swift */; };
		FBC250E1273118DA005DAD6C /* StickerBottomBar.swift in Sources */ = {isa = PBXBuildFile; fileRef = FBC250E0273118DA005DAD6C /* StickerBottomBar.swift */; };
		FBC250E327311A2B005DAD6C /* StickerStorage.swift in Sources */ = {isa = PBXBuildFile; fileRef = FBC250E227311A2B005DAD6C /* StickerStorage.swift */; };
/* End PBXBuildFile section */

/* Begin PBXFileReference section */
		FB6A0618272F7CF4000DBA59 /* StickerMator.app */ = {isa = PBXFileReference; explicitFileType = wrapper.application; includeInIndex = 0; path = StickerMator.app; sourceTree = BUILT_PRODUCTS_DIR; };
		FB6A061B272F7CF4000DBA59 /* StickerMatorApp.swift */ = {isa = PBXFileReference; lastKnownFileType = sourcecode.swift; path = StickerMatorApp.swift; sourceTree = "<group>"; };
		FB6A061D272F7CF4000DBA59 /* StickerMatorView.swift */ = {isa = PBXFileReference; lastKnownFileType = sourcecode.swift; path = StickerMatorView.swift; sourceTree = "<group>"; };
		FB6A061F272F7CF6000DBA59 /* Assets.xcassets */ = {isa = PBXFileReference; lastKnownFileType = folder.assetcatalog; path = Assets.xcassets; sourceTree = "<group>"; };
		FB6A0622272F7CF6000DBA59 /* Preview Assets.xcassets */ = {isa = PBXFileReference; lastKnownFileType = folder.assetcatalog; path = "Preview Assets.xcassets"; sourceTree = "<group>"; };
		FB6A0629272F868D000DBA59 /* StickerMatorModel.swift */ = {isa = PBXFileReference; lastKnownFileType = sourcecode.swift; path = StickerMatorModel.swift; sourceTree = "<group>"; };
		FB6A062B272F8F1A000DBA59 /* StickerMatorViewModel.swift */ = {isa = PBXFileReference; lastKnownFileType = sourcecode.swift; path = StickerMatorViewModel.swift; sourceTree = "<group>"; };
		FB6A062D272FB0C8000DBA59 /* Helper.swift */ = {isa = PBXFileReference; lastKnownFileType = sourcecode.swift; path = Helper.swift; sourceTree = "<group>"; };
		FBAB6B6A27316F9700FA4539 /* StickerSetEditor.swift */ = {isa = PBXFileReference; lastKnownFileType = sourcecode.swift; path = StickerSetEditor.swift; sourceTree = "<group>"; };
		FBAB6B6C2731839E00FA4539 /* StickerSetManager.swift */ = {isa = PBXFileReference; lastKnownFileType = sourcecode.swift; path = StickerSetManager.swift; sourceTree = "<group>"; };
		FBC250E0273118DA005DAD6C /* StickerBottomBar.swift */ = {isa = PBXFileReference; lastKnownFileType = sourcecode.swift; path = StickerBottomBar.swift; sourceTree = "<group>"; };
		FBC250E227311A2B005DAD6C /* StickerStorage.swift */ = {isa = PBXFileReference; lastKnownFileType = sourcecode.swift; path = StickerStorage.swift; sourceTree = "<group>"; };
/* End PBXFileReference section */

/* Begin PBXFrameworksBuildPhase section */
		FB6A0615272F7CF4000DBA59 /* Frameworks */ = {
			isa = PBXFrameworksBuildPhase;
			buildActionMask = 2147483647;
			files = (
			);
			runOnlyForDeploymentPostprocessing = 0;
		};
/* End PBXFrameworksBuildPhase section */

/* Begin PBXGroup section */
		FB6A060F272F7CF4000DBA59 = {
			isa = PBXGroup;
			children = (
				FB6A061A272F7CF4000DBA59 /* StickerMator */,
				FB6A0619272F7CF4000DBA59 /* Products */,
			);
			sourceTree = "<group>";
		};
		FB6A0619272F7CF4000DBA59 /* Products */ = {
			isa = PBXGroup;
			children = (
				FB6A0618272F7CF4000DBA59 /* StickerMator.app */,
			);
			name = Products;
			sourceTree = "<group>";
		};
		FB6A061A272F7CF4000DBA59 /* StickerMator */ = {
			isa = PBXGroup;
			children = (
				FB6A061B272F7CF4000DBA59 /* StickerMatorApp.swift */,
				FB6A0629272F868D000DBA59 /* StickerMatorModel.swift */,
				FB6A062B272F8F1A000DBA59 /* StickerMatorViewModel.swift */,
				FB6A061D272F7CF4000DBA59 /* StickerMatorView.swift */,
				FBC250E0273118DA005DAD6C /* StickerBottomBar.swift */,
				FBAB6B6A27316F9700FA4539 /* StickerSetEditor.swift */,
				FBAB6B6C2731839E00FA4539 /* StickerSetManager.swift */,
				FBC250E227311A2B005DAD6C /* StickerStorage.swift */,
				FB6A062D272FB0C8000DBA59 /* Helper.swift */,
				FB6A061F272F7CF6000DBA59 /* Assets.xcassets */,
				FB6A0621272F7CF6000DBA59 /* Preview Content */,
			);
			path = StickerMator;
			sourceTree = "<group>";
		};
		FB6A0621272F7CF6000DBA59 /* Preview Content */ = {
			isa = PBXGroup;
			children = (
				FB6A0622272F7CF6000DBA59 /* Preview Assets.xcassets */,
			);
			path = "Preview Content";
			sourceTree = "<group>";
		};
/* End PBXGroup section */

/* Begin PBXNativeTarget section */
		FB6A0617272F7CF4000DBA59 /* StickerMator */ = {
			isa = PBXNativeTarget;
			buildConfigurationList = FB6A0626272F7CF6000DBA59 /* Build configuration list for PBXNativeTarget "StickerMator" */;
			buildPhases = (
				FB6A0614272F7CF4000DBA59 /* Sources */,
				FB6A0615272F7CF4000DBA59 /* Frameworks */,
				FB6A0616272F7CF4000DBA59 /* Resources */,
			);
			buildRules = (
			);
			dependencies = (
			);
			name = StickerMator;
			productName = StickerMator;
			productReference = FB6A0618272F7CF4000DBA59 /* StickerMator.app */;
			productType = "com.apple.product-type.application";
		};
/* End PBXNativeTarget section */

/* Begin PBXProject section */
		FB6A0610272F7CF4000DBA59 /* Project object */ = {
			isa = PBXProject;
			attributes = {
				BuildIndependentTargetsInParallel = 1;
				LastSwiftUpdateCheck = 1310;
				LastUpgradeCheck = 1310;
				TargetAttributes = {
					FB6A0617272F7CF4000DBA59 = {
						CreatedOnToolsVersion = 13.1;
					};
				};
			};
			buildConfigurationList = FB6A0613272F7CF4000DBA59 /* Build configuration list for PBXProject "StickerMator" */;
			compatibilityVersion = "Xcode 13.0";
			developmentRegion = en;
			hasScannedForEncodings = 0;
			knownRegions = (
				en,
				Base,
			);
			mainGroup = FB6A060F272F7CF4000DBA59;
			productRefGroup = FB6A0619272F7CF4000DBA59 /* Products */;
			projectDirPath = "";
			projectRoot = "";
			targets = (
				FB6A0617272F7CF4000DBA59 /* StickerMator */,
			);
		};
/* End PBXProject section */

/* Begin PBXResourcesBuildPhase section */
		FB6A0616272F7CF4000DBA59 /* Resources */ = {
			isa = PBXResourcesBuildPhase;
			buildActionMask = 2147483647;
			files = (
				FB6A0623272F7CF6000DBA59 /* Preview Assets.xcassets in Resources */,
				FB6A0620272F7CF6000DBA59 /* Assets.xcassets in Resources */,
			);
			runOnlyForDeploymentPostprocessing = 0;
		};
/* End PBXResourcesBuildPhase section */

/* Begin PBXSourcesBuildPhase section */
		FB6A0614272F7CF4000DBA59 /* Sources */ = {
			isa = PBXSourcesBuildPhase;
			buildActionMask = 2147483647;
			files = (
				FBC250E327311A2B005DAD6C /* StickerStorage.swift in Sources */,
				FBAB6B6B27316F9700FA4539 /* StickerSetEditor.swift in Sources */,
				FB6A062A272F868D000DBA59 /* StickerMatorModel.swift in Sources */,
				FB6A061E272F7CF4000DBA59 /* StickerMatorView.swift in Sources */,
				FBC250E1273118DA005DAD6C /* StickerBottomBar.swift in Sources */,
				FBAB6B6D2731839E00FA4539 /* StickerSetManager.swift in Sources */,
				FB6A062E272FB0C9000DBA59 /* Helper.swift in Sources */,
				FB6A062C272F8F1A000DBA59 /* StickerMatorViewModel.swift in Sources */,
				FB6A061C272F7CF4000DBA59 /* StickerMatorApp.swift in Sources */,
			);
			runOnlyForDeploymentPostprocessing = 0;
		};
/* End PBXSourcesBuildPhase section */

/* Begin XCBuildConfiguration section */
		FB6A0624272F7CF6000DBA59 /* Debug */ = {
			isa = XCBuildConfiguration;
			buildSettings = {
				ALWAYS_SEARCH_USER_PATHS = NO;
				CLANG_ANALYZER_NONNULL = YES;
				CLANG_ANALYZER_NUMBER_OBJECT_CONVERSION = YES_AGGRESSIVE;
				CLANG_CXX_LANGUAGE_STANDARD = "gnu++17";
				CLANG_CXX_LIBRARY = "libc++";
				CLANG_ENABLE_MODULES = YES;
				CLANG_ENABLE_OBJC_ARC = YES;
				CLANG_ENABLE_OBJC_WEAK = YES;
				CLANG_WARN_BLOCK_CAPTURE_AUTORELEASING = YES;
				CLANG_WARN_BOOL_CONVERSION = YES;
				CLANG_WARN_COMMA = YES;
				CLANG_WARN_CONSTANT_CONVERSION = YES;
				CLANG_WARN_DEPRECATED_OBJC_IMPLEMENTATIONS = YES;
				CLANG_WARN_DIRECT_OBJC_ISA_USAGE = YES_ERROR;
				CLANG_WARN_DOCUMENTATION_COMMENTS = YES;
				CLANG_WARN_EMPTY_BODY = YES;
				CLANG_WARN_ENUM_CONVERSION = YES;
				CLANG_WARN_INFINITE_RECURSION = YES;
				CLANG_WARN_INT_CONVERSION = YES;
				CLANG_WARN_NON_LITERAL_NULL_CONVERSION = YES;
				CLANG_WARN_OBJC_IMPLICIT_RETAIN_SELF = YES;
				CLANG_WARN_OBJC_LITERAL_CONVERSION = YES;
				CLANG_WARN_OBJC_ROOT_CLASS = YES_ERROR;
				CLANG_WARN_QUOTED_INCLUDE_IN_FRAMEWORK_HEADER = YES;
				CLANG_WARN_RANGE_LOOP_ANALYSIS = YES;
				CLANG_WARN_STRICT_PROTOTYPES = YES;
				CLANG_WARN_SUSPICIOUS_MOVE = YES;
				CLANG_WARN_UNGUARDED_AVAILABILITY = YES_AGGRESSIVE;
				CLANG_WARN_UNREACHABLE_CODE = YES;
				CLANG_WARN__DUPLICATE_METHOD_MATCH = YES;
				COPY_PHASE_STRIP = NO;
				DEBUG_INFORMATION_FORMAT = dwarf;
				ENABLE_STRICT_OBJC_MSGSEND = YES;
				ENABLE_TESTABILITY = YES;
				GCC_C_LANGUAGE_STANDARD = gnu11;
				GCC_DYNAMIC_NO_PIC = NO;
				GCC_NO_COMMON_BLOCKS = YES;
				GCC_OPTIMIZATION_LEVEL = 0;
				GCC_PREPROCESSOR_DEFINITIONS = (
					"DEBUG=1",
					"$(inherited)",
				);
				GCC_WARN_64_TO_32_BIT_CONVERSION = YES;
				GCC_WARN_ABOUT_RETURN_TYPE = YES_ERROR;
				GCC_WARN_UNDECLARED_SELECTOR = YES;
				GCC_WARN_UNINITIALIZED_AUTOS = YES_AGGRESSIVE;
				GCC_WARN_UNUSED_FUNCTION = YES;
				GCC_WARN_UNUSED_VARIABLE = YES;
				IPHONEOS_DEPLOYMENT_TARGET = 15.0;
				MTL_ENABLE_DEBUG_INFO = INCLUDE_SOURCE;
				MTL_FAST_MATH = YES;
				ONLY_ACTIVE_ARCH = YES;
				SDKROOT = iphoneos;
				SWIFT_ACTIVE_COMPILATION_CONDITIONS = DEBUG;
				SWIFT_OPTIMIZATION_LEVEL = "-Onone";
			};
			name = Debug;
		};
		FB6A0625272F7CF6000DBA59 /* Release */ = {
			isa = XCBuildConfiguration;
			buildSettings = {
				ALWAYS_SEARCH_USER_PATHS = NO;
				CLANG_ANALYZER_NONNULL = YES;
				CLANG_ANALYZER_NUMBER_OBJECT_CONVERSION = YES_AGGRESSIVE;
				CLANG_CXX_LANGUAGE_STANDARD = "gnu++17";
				CLANG_CXX_LIBRARY = "libc++";
				CLANG_ENABLE_MODULES = YES;
				CLANG_ENABLE_OBJC_ARC = YES;
				CLANG_ENABLE_OBJC_WEAK = YES;
				CLANG_WARN_BLOCK_CAPTURE_AUTORELEASING = YES;
				CLANG_WARN_BOOL_CONVERSION = YES;
				CLANG_WARN_COMMA = YES;
				CLANG_WARN_CONSTANT_CONVERSION = YES;
				CLANG_WARN_DEPRECATED_OBJC_IMPLEMENTATIONS = YES;
				CLANG_WARN_DIRECT_OBJC_ISA_USAGE = YES_ERROR;
				CLANG_WARN_DOCUMENTATION_COMMENTS = YES;
				CLANG_WARN_EMPTY_BODY = YES;
				CLANG_WARN_ENUM_CONVERSION = YES;
				CLANG_WARN_INFINITE_RECURSION = YES;
				CLANG_WARN_INT_CONVERSION = YES;
				CLANG_WARN_NON_LITERAL_NULL_CONVERSION = YES;
				CLANG_WARN_OBJC_IMPLICIT_RETAIN_SELF = YES;
				CLANG_WARN_OBJC_LITERAL_CONVERSION = YES;
				CLANG_WARN_OBJC_ROOT_CLASS = YES_ERROR;
				CLANG_WARN_QUOTED_INCLUDE_IN_FRAMEWORK_HEADER = YES;
				CLANG_WARN_RANGE_LOOP_ANALYSIS = YES;
				CLANG_WARN_STRICT_PROTOTYPES = YES;
				CLANG_WARN_SUSPICIOUS_MOVE = YES;
				CLANG_WARN_UNGUARDED_AVAILABILITY = YES_AGGRESSIVE;
				CLANG_WARN_UNREACHABLE_CODE = YES;
				CLANG_WARN__DUPLICATE_METHOD_MATCH = YES;
				COPY_PHASE_STRIP = NO;
				DEBUG_INFORMATION_FORMAT = "dwarf-with-dsym";
				ENABLE_NS_ASSERTIONS = NO;
				ENABLE_STRICT_OBJC_MSGSEND = YES;
				GCC_C_LANGUAGE_STANDARD = gnu11;
				GCC_NO_COMMON_BLOCKS = YES;
				GCC_WARN_64_TO_32_BIT_CONVERSION = YES;
				GCC_WARN_ABOUT_RETURN_TYPE = YES_ERROR;
				GCC_WARN_UNDECLARED_SELECTOR = YES;
				GCC_WARN_UNINITIALIZED_AUTOS = YES_AGGRESSIVE;
				GCC_WARN_UNUSED_FUNCTION = YES;
				GCC_WARN_UNUSED_VARIABLE = YES;
				IPHONEOS_DEPLOYMENT_TARGET = 15.0;
				MTL_ENABLE_DEBUG_INFO = NO;
				MTL_FAST_MATH = YES;
				SDKROOT = iphoneos;
				SWIFT_COMPILATION_MODE = wholemodule;
				SWIFT_OPTIMIZATION_LEVEL = "-O";
				VALIDATE_PRODUCT = YES;
			};
			name = Release;
		};
		FB6A0627272F7CF6000DBA59 /* Debug */ = {
			isa = XCBuildConfiguration;
			buildSettings = {
				ASSETCATALOG_COMPILER_APPICON_NAME = AppIcon;
				ASSETCATALOG_COMPILER_GLOBAL_ACCENT_COLOR_NAME = AccentColor;
				CODE_SIGN_STYLE = Automatic;
				CURRENT_PROJECT_VERSION = 1;
				DEVELOPMENT_ASSET_PATHS = "\"StickerMator/Preview Content\"";
				DEVELOPMENT_TEAM = ZRZ8BS7EUF;
				ENABLE_PREVIEWS = YES;
				GENERATE_INFOPLIST_FILE = YES;
				INFOPLIST_KEY_UIApplicationSceneManifest_Generation = YES;
				INFOPLIST_KEY_UIApplicationSupportsIndirectInputEvents = YES;
				INFOPLIST_KEY_UILaunchScreen_Generation = YES;
				INFOPLIST_KEY_UISupportedInterfaceOrientations_iPad = "UIInterfaceOrientationPortrait UIInterfaceOrientationPortraitUpsideDown UIInterfaceOrientationLandscapeLeft UIInterfaceOrientationLandscapeRight";
				INFOPLIST_KEY_UISupportedInterfaceOrientations_iPhone = "UIInterfaceOrientationPortrait UIInterfaceOrientationLandscapeLeft UIInterfaceOrientationLandscapeRight";
				LD_RUNPATH_SEARCH_PATHS = (
					"$(inherited)",
					"@executable_path/Frameworks",
				);
				MARKETING_VERSION = 1.0;
				PRODUCT_BUNDLE_IDENTIFIER = edu.ustb.ningma.StickerMator;
				PRODUCT_NAME = "$(TARGET_NAME)";
				SWIFT_EMIT_LOC_STRINGS = YES;
				SWIFT_VERSION = 5.0;
				TARGETED_DEVICE_FAMILY = "1,2";
			};
			name = Debug;
		};
		FB6A0628272F7CF6000DBA59 /* Release */ = {
			isa = XCBuildConfiguration;
			buildSettings = {
				ASSETCATALOG_COMPILER_APPICON_NAME = AppIcon;
				ASSETCATALOG_COMPILER_GLOBAL_ACCENT_COLOR_NAME = AccentColor;
				CODE_SIGN_STYLE = Automatic;
				CURRENT_PROJECT_VERSION = 1;
				DEVELOPMENT_ASSET_PATHS = "\"StickerMator/Preview Content\"";
				DEVELOPMENT_TEAM = ZRZ8BS7EUF;
				ENABLE_PREVIEWS = YES;
				GENERATE_INFOPLIST_FILE = YES;
				INFOPLIST_KEY_UIApplicationSceneManifest_Generation = YES;
				INFOPLIST_KEY_UIApplicationSupportsIndirectInputEvents = YES;
				INFOPLIST_KEY_UILaunchScreen_Generation = YES;
				INFOPLIST_KEY_UISupportedInterfaceOrientations_iPad = "UIInterfaceOrientationPortrait UIInterfaceOrientationPortraitUpsideDown UIInterfaceOrientationLandscapeLeft UIInterfaceOrientationLandscapeRight";
				INFOPLIST_KEY_UISupportedInterfaceOrientations_iPhone = "UIInterfaceOrientationPortrait UIInterfaceOrientationLandscapeLeft UIInterfaceOrientationLandscapeRight";
				LD_RUNPATH_SEARCH_PATHS = (
					"$(inherited)",
					"@executable_path/Frameworks",
				);
				MARKETING_VERSION = 1.0;
				PRODUCT_BUNDLE_IDENTIFIER = edu.ustb.ningma.StickerMator;
				PRODUCT_NAME = "$(TARGET_NAME)";
				SWIFT_EMIT_LOC_STRINGS = YES;
				SWIFT_VERSION = 5.0;
				TARGETED_DEVICE_FAMILY = "1,2";
			};
			name = Release;
		};
/* End XCBuildConfiguration section */

/* Begin XCConfigurationList section */
		FB6A0613272F7CF4000DBA59 /* Build configuration list for PBXProject "StickerMator" */ = {
			isa = XCConfigurationList;
			buildConfigurations = (
				FB6A0624272F7CF6000DBA59 /* Debug */,
				FB6A0625272F7CF6000DBA59 /* Release */,
			);
			defaultConfigurationIsVisible = 0;
			defaultConfigurationName = Release;
		};
		FB6A0626272F7CF6000DBA59 /* Build configuration list for PBXNativeTarget "StickerMator" */ = {
			isa = XCConfigurationList;
			buildConfigurations = (
				FB6A0627272F7CF6000DBA59 /* Debug */,
				FB6A0628272F7CF6000DBA59 /* Release */,
			);
			defaultConfigurationIsVisible = 0;
			defaultConfigurationName = Release;
		};
/* End XCConfigurationList section */
	};
	rootObject = FB6A0610272F7CF4000DBA59 /* Project object */;
}
