{
  "object": {
    "pins": [
      {
        "package": "swift-log",
        "repositoryURL": "https://github.com/apple/swift-log",
        "state": {
          "branch": "main",
          "revision": "4e75f88c6ab63bf47a8780ac4adfce830e8478a6",
          "version": null
        }
      }
    ]
  },
  "version": 1
}
